
Microsoft Visual Studio Solution File, Format Version 12.00
# Visual Studio 14
VisualStudioVersion = 14.0.25420.1
MinimumVisualStudioVersion = 10.0.40219.1
Project("{FAE04EC0-301F-11D3-BF4B-00C04F79EFBC}") = "ValidationEngine", "ValidationEngine\ValidationEngine.csproj", "{DB047AC3-BB5B-443B-BE9B-5E13A087E0BE}"
EndProject
Project("{FAE04EC0-301F-11D3-BF4B-00C04F79EFBC}") = "ValidationEngineTests", "ValidationEngineTests\ValidationEngineTests.csproj", "{E8DE79D7-17D1-4CAF-9D92-C05FC5F828D7}"
EndProject
Project("{2150E333-8FDC-42A3-9474-1A3956D46DE8}") = "Exercise1", "Exercise1", "{736A12F1-418A-4D65-8AE0-A3BB5112995C}"
EndProject
Project("{2150E333-8FDC-42A3-9474-1A3956D46DE8}") = "Exercise2", "Exercise2", "{317BB033-9455-4F37-B701-936423AF3E38}"
EndProject
Project("{FAE04EC0-301F-11D3-BF4B-00C04F79EFBC}") = "TravelAgency", "TravelAgency\TravelAgency.csproj", "{30CD9F69-C7F7-47AF-BA73-A08538170D96}"
EndProject
Project("{FAE04EC0-301F-11D3-BF4B-00C04F79EFBC}") = "TravelAgency.Tests", "TravelAgencyTests\TravelAgency.Tests.csproj", "{75AC1437-7346-43C7-998B-4A43C7455F1A}"
EndProject
Project("{2150E333-8FDC-42A3-9474-1A3956D46DE8}") = "Exercise3", "Exercise3", "{2AE97E72-704F-42BF-99D3-FFC908A65485}"
EndProject
Project("{FAE04EC0-301F-11D3-BF4B-00C04F79EFBC}") = "StringCalculator", "StringCalculator\StringCalculator.csproj", "{CD70C2DA-D024-419C-85EE-FFB16323F83C}"
EndProject
Project("{FAE04EC0-301F-11D3-BF4B-00C04F79EFBC}") = "StringCalculator.Tests", "StringCalculator.Tests\StringCalculator.Tests.csproj", "{9A1ABA2E-9F96-4943-8378-71176B05D9A5}"
EndProject
Global
	GlobalSection(SolutionConfigurationPlatforms) = preSolution
		Debug|Any CPU = Debug|Any CPU
		Release|Any CPU = Release|Any CPU
	EndGlobalSection
	GlobalSection(ProjectConfigurationPlatforms) = postSolution
		{DB047AC3-BB5B-443B-BE9B-5E13A087E0BE}.Debug|Any CPU.ActiveCfg = Debug|Any CPU
		{DB047AC3-BB5B-443B-BE9B-5E13A087E0BE}.Debug|Any CPU.Build.0 = Debug|Any CPU
		{DB047AC3-BB5B-443B-BE9B-5E13A087E0BE}.Release|Any CPU.ActiveCfg = Release|Any CPU
		{DB047AC3-BB5B-443B-BE9B-5E13A087E0BE}.Release|Any CPU.Build.0 = Release|Any CPU
		{E8DE79D7-17D1-4CAF-9D92-C05FC5F828D7}.Debug|Any CPU.ActiveCfg = Debug|Any CPU
		{E8DE79D7-17D1-4CAF-9D92-C05FC5F828D7}.Debug|Any CPU.Build.0 = Debug|Any CPU
		{E8DE79D7-17D1-4CAF-9D92-C05FC5F828D7}.Release|Any CPU.ActiveCfg = Release|Any CPU
		{E8DE79D7-17D1-4CAF-9D92-C05FC5F828D7}.Release|Any CPU.Build.0 = Release|Any CPU
		{30CD9F69-C7F7-47AF-BA73-A08538170D96}.Debug|Any CPU.ActiveCfg = Debug|Any CPU
		{30CD9F69-C7F7-47AF-BA73-A08538170D96}.Debug|Any CPU.Build.0 = Debug|Any CPU
		{30CD9F69-C7F7-47AF-BA73-A08538170D96}.Release|Any CPU.ActiveCfg = Release|Any CPU
		{30CD9F69-C7F7-47AF-BA73-A08538170D96}.Release|Any CPU.Build.0 = Release|Any CPU
		{75AC1437-7346-43C7-998B-4A43C7455F1A}.Debug|Any CPU.ActiveCfg = Debug|Any CPU
		{75AC1437-7346-43C7-998B-4A43C7455F1A}.Debug|Any CPU.Build.0 = Debug|Any CPU
		{75AC1437-7346-43C7-998B-4A43C7455F1A}.Release|Any CPU.ActiveCfg = Release|Any CPU
		{75AC1437-7346-43C7-998B-4A43C7455F1A}.Release|Any CPU.Build.0 = Release|Any CPU
		{CD70C2DA-D024-419C-85EE-FFB16323F83C}.Debug|Any CPU.ActiveCfg = Debug|Any CPU
		{CD70C2DA-D024-419C-85EE-FFB16323F83C}.Debug|Any CPU.Build.0 = Debug|Any CPU
		{CD70C2DA-D024-419C-85EE-FFB16323F83C}.Release|Any CPU.ActiveCfg = Release|Any CPU
		{CD70C2DA-D024-419C-85EE-FFB16323F83C}.Release|Any CPU.Build.0 = Release|Any CPU
		{9A1ABA2E-9F96-4943-8378-71176B05D9A5}.Debug|Any CPU.ActiveCfg = Debug|Any CPU
		{9A1ABA2E-9F96-4943-8378-71176B05D9A5}.Debug|Any CPU.Build.0 = Debug|Any CPU
		{9A1ABA2E-9F96-4943-8378-71176B05D9A5}.Release|Any CPU.ActiveCfg = Release|Any CPU
		{9A1ABA2E-9F96-4943-8378-71176B05D9A5}.Release|Any CPU.Build.0 = Release|Any CPU
	EndGlobalSection
	GlobalSection(SolutionProperties) = preSolution
		HideSolutionNode = FALSE
	EndGlobalSection
	GlobalSection(NestedProjects) = preSolution
		{DB047AC3-BB5B-443B-BE9B-5E13A087E0BE} = {736A12F1-418A-4D65-8AE0-A3BB5112995C}
		{E8DE79D7-17D1-4CAF-9D92-C05FC5F828D7} = {736A12F1-418A-4D65-8AE0-A3BB5112995C}
		{30CD9F69-C7F7-47AF-BA73-A08538170D96} = {317BB033-9455-4F37-B701-936423AF3E38}
		{75AC1437-7346-43C7-998B-4A43C7455F1A} = {317BB033-9455-4F37-B701-936423AF3E38}
		{CD70C2DA-D024-419C-85EE-FFB16323F83C} = {2AE97E72-704F-42BF-99D3-FFC908A65485}
		{9A1ABA2E-9F96-4943-8378-71176B05D9A5} = {2AE97E72-704F-42BF-99D3-FFC908A65485}
	EndGlobalSection
EndGlobal
